{
  "name": "txt-shelp",
  "version": "1.0.0",
  "lockfileVersion": 3,
  "requires": true,
  "packages": {
    "": {
      "name": "txt-shelp",
      "version": "1.0.0",
      "license": "ISC",
      "dependencies": {
        "keypress": "^0.2.1",
        "node-terminal-menu": "^3.4.1",
        "userid": "^1.2.5"
      },
      "devDependencies": {
        "@types/node": "^24.7.1"
      }
    },
    "node_modules/@types/node": {
      "version": "24.7.1",
      "resolved": "https://registry.npmjs.org/@types/node/-/node-24.7.1.tgz",
      "integrity": "sha512-CmyhGZanP88uuC5GpWU9q+fI61j2SkhO3UGMUdfYRE6Bcy0ccyzn1Rqj9YAB/ZY4kOXmNf0ocah5GtphmLMP6Q==",
      "dev": true,
      "license": "MIT",
      "dependencies": {
        "undici-types": "~7.14.0"
      }
    },
    "node_modules/bindings": {
      "version": "1.5.0",
      "resolved": "https://registry.npmjs.org/bindings/-/bindings-1.5.0.tgz",
      "integrity": "sha512-p2q/t/mhvuOj/UeLlV6566GD/guowlr0hHxClI0W9m7MWYkL1F0hLo+0Aexs9HSPCtR1SXQ0TD3MMKrXZajbiQ==",
      "license": "MIT",
      "dependencies": {
        "file-uri-to-path": "1.0.0"
      }
    },
    "node_modules/file-uri-to-path": {
      "version": "1.0.0",
      "resolved": "https://registry.npmjs.org/file-uri-to-path/-/file-uri-to-path-1.0.0.tgz",
      "integrity": "sha512-0Zt+s3L7Vf1biwWZ29aARiVYLx7iMGnEUl9x33fbB/j3jR81u/O2LbqK+Bm1CDSNDKVtJ/YjwY7TUd5SkeLQLw==",
      "license": "MIT"
    },
    "node_modules/keypress": {
      "version": "0.2.1",
      "resolved": "https://registry.npmjs.org/keypress/-/keypress-0.2.1.tgz",
      "integrity": "sha512-HjorDJFNhnM4SicvaUXac0X77NiskggxJdesG72+O5zBKpSqKFCrqmndKVqpu3pFqkla0St6uGk8Ju0sCurrmg==",
      "license": "MIT"
    },
    "node_modules/node-addon-api": {
      "version": "4.3.0",
      "resolved": "https://registry.npmjs.org/node-addon-api/-/node-addon-api-4.3.0.tgz",
      "integrity": "sha512-73sE9+3UaLYYFmDsFZnqCInzPyh3MqIwZO9cw58yIqAZhONrrabrYyYe3TuIqtIiOuTXVhsGau8hcrhhwSsDIQ==",
      "license": "MIT"
    },
    "node_modules/node-terminal-menu": {
      "version": "3.4.1",
      "resolved": "https://registry.npmjs.org/node-terminal-menu/-/node-terminal-menu-3.4.1.tgz",
      "integrity": "sha512-2svlrWn9Wu1qAnEdTYoew3tOFwO19a8+WHJPyKWBH4xlR0ml9PufAqFjwkhCx4iFkf8Q24VtNwtkUp40LCx7sw==",
      "license": "ISC"
    },
    "node_modules/undici-types": {
      "version": "7.14.0",
      "resolved": "https://registry.npmjs.org/undici-types/-/undici-types-7.14.0.tgz",
      "integrity": "sha512-QQiYxHuyZ9gQUIrmPo3IA+hUl4KYk8uSA7cHrcKd/l3p1OTpZcM0Tbp9x7FAtXdAYhlasd60ncPpgu6ihG6TOA==",
      "dev": true,
      "license": "MIT"
    },
    "node_modules/userid": {
      "version": "1.2.5",
      "resolved": "https://registry.npmjs.org/userid/-/userid-1.2.5.tgz",
      "integrity": "sha512-pp9YrrSvnqQiMM6n0of9Y3K1K0snAmnwpPMe2W+icyTAeIWV3HXNCWd2f4ycVptdlqfXMT9AuoI5uOaTDkwVug==",
      "hasInstallScript": true,
      "license": "Public Domain",
      "os": [
        "!win32"
      ],
      "dependencies": {
        "bindings": "^1.5.0",
        "node-addon-api": "^4.0.0"
      },
      "engines": {
        "node": ">=8.4.0"
      }
    }
  }
}
