{
  "name": "txt-shelp",
  "version": "1.0.0",
  "lockfileVersion": 3,
  "requires": true,
  "packages": {
    "": {
      "name": "txt-shelp",
      "version": "1.0.0",
      "license": "ISC",
      "dependencies": {
        "keypress": "^0.2.1",
        "node-terminal-menu": "^3.4.1"
      },
      "devDependencies": {
        "@types/node": "^24.7.1"
      }
    },
    "node_modules/@types/node": {
      "version": "24.7.1",
      "resolved": "https://registry.npmjs.org/@types/node/-/node-24.7.1.tgz",
      "integrity": "sha512-CmyhGZanP88uuC5GpWU9q+fI61j2SkhO3UGMUdfYRE6Bcy0ccyzn1Rqj9YAB/ZY4kOXmNf0ocah5GtphmLMP6Q==",
      "dev": true,
      "license": "MIT",
      "dependencies": {
        "undici-types": "~7.14.0"
      }
    },
    "node_modules/keypress": {
      "version": "0.2.1",
      "resolved": "https://registry.npmjs.org/keypress/-/keypress-0.2.1.tgz",
      "integrity": "sha512-HjorDJFNhnM4SicvaUXac0X77NiskggxJdesG72+O5zBKpSqKFCrqmndKVqpu3pFqkla0St6uGk8Ju0sCurrmg==",
      "license": "MIT"
    },
    "node_modules/node-terminal-menu": {
      "version": "3.4.1",
      "resolved": "https://registry.npmjs.org/node-terminal-menu/-/node-terminal-menu-3.4.1.tgz",
      "integrity": "sha512-2svlrWn9Wu1qAnEdTYoew3tOFwO19a8+WHJPyKWBH4xlR0ml9PufAqFjwkhCx4iFkf8Q24VtNwtkUp40LCx7sw==",
      "license": "ISC"
    },
    "node_modules/undici-types": {
      "version": "7.14.0",
      "resolved": "https://registry.npmjs.org/undici-types/-/undici-types-7.14.0.tgz",
      "integrity": "sha512-QQiYxHuyZ9gQUIrmPo3IA+hUl4KYk8uSA7cHrcKd/l3p1OTpZcM0Tbp9x7FAtXdAYhlasd60ncPpgu6ihG6TOA==",
      "dev": true,
      "license": "MIT"
    }
  }
}
